
Microsoft Visual Studio Solution File, Format Version 12.00
# Visual Studio Version 17
VisualStudioVersion = 17.7.34024.191
MinimumVisualStudioVersion = 10.0.40219.1
Project("{FAE04EC0-301F-11D3-BF4B-00C04F79EFBC}") = "SvgMapApp", "SvgMapApp\SvgMapApp.csproj", "{1BE2F635-1D93-4683-90AC-7DF59B6FDBDF}"
EndProject
Global
	GlobalSection(SolutionConfigurationPlatforms) = preSolution
		Debug|Any CPU = Debug|Any CPU
		Release|Any CPU = Release|Any CPU
	EndGlobalSection
	GlobalSection(ProjectConfigurationPlatforms) = postSolution
		{1BE2F635-1D93-4683-90AC-7DF59B6FDBDF}.Debug|Any CPU.ActiveCfg = Debug|Any CPU
		{1BE2F635-1D93-4683-90AC-7DF59B6FDBDF}.Debug|Any CPU.Build.0 = Debug|Any CPU
		{1BE2F635-1D93-4683-90AC-7DF59B6FDBDF}.Release|Any CPU.ActiveCfg = Release|Any CPU
		{1BE2F635-1D93-4683-90AC-7DF59B6FDBDF}.Release|Any CPU.Build.0 = Release|Any CPU
	EndGlobalSection
	GlobalSection(SolutionProperties) = preSolution
		HideSolutionNode = FALSE
	EndGlobalSection
	GlobalSection(ExtensibilityGlobals) = postSolution
		SolutionGuid = {47F39204-436C-4636-A8DD-43F5B4842F05}
	EndGlobalSection
EndGlobal
